{
  "name": "umbral-de-ceniza-tools",
  "lockfileVersion": 3,
  "requires": true,
  "packages": {
    "": {
      "name": "umbral-de-ceniza-tools",
      "dependencies": {
        "gdcore-tools": "2.0.0-gd-v5.6.269-autobuild"
      }
    },
    "node_modules/gdcore-tools": {
      "version": "2.0.0-gd-v5.6.269-autobuild",
      "resolved": "https://registry.npmjs.org/gdcore-tools/-/gdcore-tools-2.0.0-gd-v5.6.269-autobuild.tgz",
      "integrity": "sha512-M1tmwcqZEHNmmUv5iLiZAU5loAOFmXmR2XuqnZpFTnxoklyN7y9PVx3GPnytgvnT71dG+cj2eIIVG1ZDl25E9g==",
      "license": "MIT",
      "engines": {
        "node": ">=18"
      }
    }
  }
}
